// !$*UTF8*$!
{
	archiveVersion = 1;
	classes = {
	};
	objectVersion = 50;
	objects = {

/* Begin PBXBuildFile section */
		577D88A423D0297700C14728 /* AppDelegate.swift in Sources */ = {isa = PBXBuildFile; fileRef = 577D88A323D0297700C14728 /* AppDelegate.swift */; };
		577D88A823D0297700C14728 /* ViewController.swift in Sources */ = {isa = PBXBuildFile; fileRef = 577D88A723D0297700C14728 /* ViewController.swift */; };
		577D88AB23D0297700C14728 /* Main.storyboard in Resources */ = {isa = PBXBuildFile; fileRef = 577D88A923D0297700C14728 /* Main.storyboard */; };
		577D88AD23D0297800C14728 /* Assets.xcassets in Resources */ = {isa = PBXBuildFile; fileRef = 577D88AC23D0297800C14728 /* Assets.xcassets */; };
		577D88B023D0297800C14728 /* LaunchScreen.storyboard in Resources */ = {isa = PBXBuildFile; fileRef = 577D88AE23D0297800C14728 /* LaunchScreen.storyboard */; };
		577D88B823D02CAE00C14728 /* RickTableViewCell.swift in Sources */ = {isa = PBXBuildFile; fileRef = 577D88B723D02CAE00C14728 /* RickTableViewCell.swift */; };
		577D88BA23D03E9900C14728 /* NextPageViewController.swift in Sources */ = {isa = PBXBuildFile; fileRef = 577D88B923D03E9900C14728 /* NextPageViewController.swift */; };
/* End PBXBuildFile section */

/* Begin PBXFileReference section */
		577D88A023D0297700C14728 /* Pass_Value_Rick.app */ = {isa = PBXFileReference; explicitFileType = wrapper.application; includeInIndex = 0; path = Pass_Value_Rick.app; sourceTree = BUILT_PRODUCTS_DIR; };
		577D88A323D0297700C14728 /* AppDelegate.swift */ = {isa = PBXFileReference; lastKnownFileType = sourcecode.swift; path = AppDelegate.swift; sourceTree = "<group>"; };
		577D88A723D0297700C14728 /* ViewController.swift */ = {isa = PBXFileReference; lastKnownFileType = sourcecode.swift; path = ViewController.swift; sourceTree = "<group>"; };
		577D88AA23D0297700C14728 /* Base */ = {isa = PBXFileReference; lastKnownFileType = file.storyboard; name = Base; path = Base.lproj/Main.storyboard; sourceTree = "<group>"; };
		577D88AC23D0297800C14728 /* Assets.xcassets */ = {isa = PBXFileReference; lastKnownFileType = folder.assetcatalog; path = Assets.xcassets; sourceTree = "<group>"; };
		577D88AF23D0297800C14728 /* Base */ = {isa = PBXFileReference; lastKnownFileType = file.storyboard; name = Base; path = Base.lproj/LaunchScreen.storyboard; sourceTree = "<group>"; };
		577D88B123D0297800C14728 /* Info.plist */ = {isa = PBXFileReference; lastKnownFileType = text.plist.xml; path = Info.plist; sourceTree = "<group>"; };
		577D88B723D02CAE00C14728 /* RickTableViewCell.swift */ = {isa = PBXFileReference; lastKnownFileType = sourcecode.swift; path = RickTableViewCell.swift; sourceTree = "<group>"; };
		577D88B923D03E9900C14728 /* NextPageViewController.swift */ = {isa = PBXFileReference; lastKnownFileType = sourcecode.swift; path = NextPageViewController.swift; sourceTree = "<group>"; };
/* End PBXFileReference section */

/* Begin PBXFrameworksBuildPhase section */
		577D889D23D0297700C14728 /* Frameworks */ = {
			isa = PBXFrameworksBuildPhase;
			buildActionMask = 2147483647;
			files = (
			);
			runOnlyForDeploymentPostprocessing = 0;
		};
/* End PBXFrameworksBuildPhase section */

/* Begin PBXGroup section */
		577D889723D0297700C14728 = {
			isa = PBXGroup;
			children = (
				577D88A223D0297700C14728 /* Pass_Value_Rick */,
				577D88A123D0297700C14728 /* Products */,
			);
			sourceTree = "<group>";
		};
		577D88A123D0297700C14728 /* Products */ = {
			isa = PBXGroup;
			children = (
				577D88A023D0297700C14728 /* Pass_Value_Rick.app */,
			);
			name = Products;
			sourceTree = "<group>";
		};
		577D88A223D0297700C14728 /* Pass_Value_Rick */ = {
			isa = PBXGroup;
			children = (
				577D88A323D0297700C14728 /* AppDelegate.swift */,
				577D88BC23D05DC800C14728 /* Controller */,
				577D88BB23D05DB600C14728 /* VIew */,
				577D88A923D0297700C14728 /* Main.storyboard */,
				577D88AC23D0297800C14728 /* Assets.xcassets */,
				577D88AE23D0297800C14728 /* LaunchScreen.storyboard */,
				577D88B123D0297800C14728 /* Info.plist */,
			);
			path = Pass_Value_Rick;
			sourceTree = "<group>";
		};
		577D88BB23D05DB600C14728 /* VIew */ = {
			isa = PBXGroup;
			children = (
				577D88B723D02CAE00C14728 /* RickTableViewCell.swift */,
			);
			path = VIew;
			sourceTree = "<group>";
		};
		577D88BC23D05DC800C14728 /* Controller */ = {
			isa = PBXGroup;
			children = (
				577D88A723D0297700C14728 /* ViewController.swift */,
				577D88B923D03E9900C14728 /* NextPageViewController.swift */,
			);
			path = Controller;
			sourceTree = "<group>";
		};
/* End PBXGroup section */

/* Begin PBXNativeTarget section */
		577D889F23D0297700C14728 /* Pass_Value_Rick */ = {
			isa = PBXNativeTarget;
			buildConfigurationList = 577D88B423D0297800C14728 /* Build configuration list for PBXNativeTarget "Pass_Value_Rick" */;
			buildPhases = (
				577D889C23D0297700C14728 /* Sources */,
				577D889D23D0297700C14728 /* Frameworks */,
				577D889E23D0297700C14728 /* Resources */,
			);
			buildRules = (
			);
			dependencies = (
			);
			name = Pass_Value_Rick;
			productName = Pass_Value_Rick;
			productReference = 577D88A023D0297700C14728 /* Pass_Value_Rick.app */;
			productType = "com.apple.product-type.application";
		};
/* End PBXNativeTarget section */

/* Begin PBXProject section */
		577D889823D0297700C14728 /* Project object */ = {
			isa = PBXProject;
			attributes = {
				LastSwiftUpdateCheck = 1130;
				LastUpgradeCheck = 1130;
				ORGANIZATIONNAME = RickSun;
				TargetAttributes = {
					577D889F23D0297700C14728 = {
						CreatedOnToolsVersion = 11.3;
					};
				};
			};
			buildConfigurationList = 577D889B23D0297700C14728 /* Build configuration list for PBXProject "Pass_Value_Rick" */;
			compatibilityVersion = "Xcode 9.3";
			developmentRegion = en;
			hasScannedForEncodings = 0;
			knownRegions = (
				en,
				Base,
			);
			mainGroup = 577D889723D0297700C14728;
			productRefGroup = 577D88A123D0297700C14728 /* Products */;
			projectDirPath = "";
			projectRoot = "";
			targets = (
				577D889F23D0297700C14728 /* Pass_Value_Rick */,
			);
		};
/* End PBXProject section */

/* Begin PBXResourcesBuildPhase section */
		577D889E23D0297700C14728 /* Resources */ = {
			isa = PBXResourcesBuildPhase;
			buildActionMask = 2147483647;
			files = (
				577D88B023D0297800C14728 /* LaunchScreen.storyboard in Resources */,
				577D88AD23D0297800C14728 /* Assets.xcassets in Resources */,
				577D88AB23D0297700C14728 /* Main.storyboard in Resources */,
			);
			runOnlyForDeploymentPostprocessing = 0;
		};
/* End PBXResourcesBuildPhase section */

/* Begin PBXSourcesBuildPhase section */
		577D889C23D0297700C14728 /* Sources */ = {
			isa = PBXSourcesBuildPhase;
			buildActionMask = 2147483647;
			files = (
				577D88B823D02CAE00C14728 /* RickTableViewCell.swift in Sources */,
				577D88A823D0297700C14728 /* ViewController.swift in Sources */,
				577D88BA23D03E9900C14728 /* NextPageViewController.swift in Sources */,
				577D88A423D0297700C14728 /* AppDelegate.swift in Sources */,
			);
			runOnlyForDeploymentPostprocessing = 0;
		};
/* End PBXSourcesBuildPhase section */

/* Begin PBXVariantGroup section */
		577D88A923D0297700C14728 /* Main.storyboard */ = {
			isa = PBXVariantGroup;
			children = (
				577D88AA23D0297700C14728 /* Base */,
			);
			name = Main.storyboard;
			sourceTree = "<group>";
		};
		577D88AE23D0297800C14728 /* LaunchScreen.storyboard */ = {
			isa = PBXVariantGroup;
			children = (
				577D88AF23D0297800C14728 /* Base */,
			);
			name = LaunchScreen.storyboard;
			sourceTree = "<group>";
		};
/* End PBXVariantGroup section */

/* Begin XCBuildConfiguration section */
		577D88B223D0297800C14728 /* Debug */ = {
			isa = XCBuildConfiguration;
			buildSettings = {
				ALWAYS_SEARCH_USER_PATHS = NO;
				CLANG_ANALYZER_NONNULL = YES;
				CLANG_ANALYZER_NUMBER_OBJECT_CONVERSION = YES_AGGRESSIVE;
				CLANG_CXX_LANGUAGE_STANDARD = "gnu++14";
				CLANG_CXX_LIBRARY = "libc++";
				CLANG_ENABLE_MODULES = YES;
				CLANG_ENABLE_OBJC_ARC = YES;
				CLANG_ENABLE_OBJC_WEAK = YES;
				CLANG_WARN_BLOCK_CAPTURE_AUTORELEASING = YES;
				CLANG_WARN_BOOL_CONVERSION = YES;
				CLANG_WARN_COMMA = YES;
				CLANG_WARN_CONSTANT_CONVERSION = YES;
				CLANG_WARN_DEPRECATED_OBJC_IMPLEMENTATIONS = YES;
				CLANG_WARN_DIRECT_OBJC_ISA_USAGE = YES_ERROR;
				CLANG_WARN_DOCUMENTATION_COMMENTS = YES;
				CLANG_WARN_EMPTY_BODY = YES;
				CLANG_WARN_ENUM_CONVERSION = YES;
				CLANG_WARN_INFINITE_RECURSION = YES;
				CLANG_WARN_INT_CONVERSION = YES;
				CLANG_WARN_NON_LITERAL_NULL_CONVERSION = YES;
				CLANG_WARN_OBJC_IMPLICIT_RETAIN_SELF = YES;
				CLANG_WARN_OBJC_LITERAL_CONVERSION = YES;
				CLANG_WARN_OBJC_ROOT_CLASS = YES_ERROR;
				CLANG_WARN_RANGE_LOOP_ANALYSIS = YES;
				CLANG_WARN_STRICT_PROTOTYPES = YES;
				CLANG_WARN_SUSPICIOUS_MOVE = YES;
				CLANG_WARN_UNGUARDED_AVAILABILITY = YES_AGGRESSIVE;
				CLANG_WARN_UNREACHABLE_CODE = YES;
				CLANG_WARN__DUPLICATE_METHOD_MATCH = YES;
				COPY_PHASE_STRIP = NO;
				DEBUG_INFORMATION_FORMAT = dwarf;
				ENABLE_STRICT_OBJC_MSGSEND = YES;
				ENABLE_TESTABILITY = YES;
				GCC_C_LANGUAGE_STANDARD = gnu11;
				GCC_DYNAMIC_NO_PIC = NO;
				GCC_NO_COMMON_BLOCKS = YES;
				GCC_OPTIMIZATION_LEVEL = 0;
				GCC_PREPROCESSOR_DEFINITIONS = (
					"DEBUG=1",
					"$(inherited)",
				);
				GCC_WARN_64_TO_32_BIT_CONVERSION = YES;
				GCC_WARN_ABOUT_RETURN_TYPE = YES_ERROR;
				GCC_WARN_UNDECLARED_SELECTOR = YES;
				GCC_WARN_UNINITIALIZED_AUTOS = YES_AGGRESSIVE;
				GCC_WARN_UNUSED_FUNCTION = YES;
				GCC_WARN_UNUSED_VARIABLE = YES;
				IPHONEOS_DEPLOYMENT_TARGET = 13.2;
				MTL_ENABLE_DEBUG_INFO = INCLUDE_SOURCE;
				MTL_FAST_MATH = YES;
				ONLY_ACTIVE_ARCH = YES;
				SDKROOT = iphoneos;
				SWIFT_ACTIVE_COMPILATION_CONDITIONS = DEBUG;
				SWIFT_OPTIMIZATION_LEVEL = "-Onone";
			};
			name = Debug;
		};
		577D88B323D0297800C14728 /* Release */ = {
			isa = XCBuildConfiguration;
			buildSettings = {
				ALWAYS_SEARCH_USER_PATHS = NO;
				CLANG_ANALYZER_NONNULL = YES;
				CLANG_ANALYZER_NUMBER_OBJECT_CONVERSION = YES_AGGRESSIVE;
				CLANG_CXX_LANGUAGE_STANDARD = "gnu++14";
				CLANG_CXX_LIBRARY = "libc++";
				CLANG_ENABLE_MODULES = YES;
				CLANG_ENABLE_OBJC_ARC = YES;
				CLANG_ENABLE_OBJC_WEAK = YES;
				CLANG_WARN_BLOCK_CAPTURE_AUTORELEASING = YES;
				CLANG_WARN_BOOL_CONVERSION = YES;
				CLANG_WARN_COMMA = YES;
				CLANG_WARN_CONSTANT_CONVERSION = YES;
				CLANG_WARN_DEPRECATED_OBJC_IMPLEMENTATIONS = YES;
				CLANG_WARN_DIRECT_OBJC_ISA_USAGE = YES_ERROR;
				CLANG_WARN_DOCUMENTATION_COMMENTS = YES;
				CLANG_WARN_EMPTY_BODY = YES;
				CLANG_WARN_ENUM_CONVERSION = YES;
				CLANG_WARN_INFINITE_RECURSION = YES;
				CLANG_WARN_INT_CONVERSION = YES;
				CLANG_WARN_NON_LITERAL_NULL_CONVERSION = YES;
				CLANG_WARN_OBJC_IMPLICIT_RETAIN_SELF = YES;
				CLANG_WARN_OBJC_LITERAL_CONVERSION = YES;
				CLANG_WARN_OBJC_ROOT_CLASS = YES_ERROR;
				CLANG_WARN_RANGE_LOOP_ANALYSIS = YES;
				CLANG_WARN_STRICT_PROTOTYPES = YES;
				CLANG_WARN_SUSPICIOUS_MOVE = YES;
				CLANG_WARN_UNGUARDED_AVAILABILITY = YES_AGGRESSIVE;
				CLANG_WARN_UNREACHABLE_CODE = YES;
				CLANG_WARN__DUPLICATE_METHOD_MATCH = YES;
				COPY_PHASE_STRIP = NO;
				DEBUG_INFORMATION_FORMAT = "dwarf-with-dsym";
				ENABLE_NS_ASSERTIONS = NO;
				ENABLE_STRICT_OBJC_MSGSEND = YES;
				GCC_C_LANGUAGE_STANDARD = gnu11;
				GCC_NO_COMMON_BLOCKS = YES;
				GCC_WARN_64_TO_32_BIT_CONVERSION = YES;
				GCC_WARN_ABOUT_RETURN_TYPE = YES_ERROR;
				GCC_WARN_UNDECLARED_SELECTOR = YES;
				GCC_WARN_UNINITIALIZED_AUTOS = YES_AGGRESSIVE;
				GCC_WARN_UNUSED_FUNCTION = YES;
				GCC_WARN_UNUSED_VARIABLE = YES;
				IPHONEOS_DEPLOYMENT_TARGET = 13.2;
				MTL_ENABLE_DEBUG_INFO = NO;
				MTL_FAST_MATH = YES;
				SDKROOT = iphoneos;
				SWIFT_COMPILATION_MODE = wholemodule;
				SWIFT_OPTIMIZATION_LEVEL = "-O";
				VALIDATE_PRODUCT = YES;
			};
			name = Release;
		};
		577D88B523D0297800C14728 /* Debug */ = {
			isa = XCBuildConfiguration;
			buildSettings = {
				ASSETCATALOG_COMPILER_APPICON_NAME = AppIcon;
				CODE_SIGN_STYLE = Automatic;
				DEVELOPMENT_TEAM = 23Z6JMBK32;
				INFOPLIST_FILE = Pass_Value_Rick/Info.plist;
				LD_RUNPATH_SEARCH_PATHS = (
					"$(inherited)",
					"@executable_path/Frameworks",
				);
				PRODUCT_BUNDLE_IDENTIFIER = "com.RickSunworkTW.Pass-Value-Rick";
				PRODUCT_NAME = "$(TARGET_NAME)";
				SWIFT_VERSION = 5.0;
				TARGETED_DEVICE_FAMILY = "1,2";
			};
			name = Debug;
		};
		577D88B623D0297800C14728 /* Release */ = {
			isa = XCBuildConfiguration;
			buildSettings = {
				ASSETCATALOG_COMPILER_APPICON_NAME = AppIcon;
				CODE_SIGN_STYLE = Automatic;
				DEVELOPMENT_TEAM = 23Z6JMBK32;
				INFOPLIST_FILE = Pass_Value_Rick/Info.plist;
				LD_RUNPATH_SEARCH_PATHS = (
					"$(inherited)",
					"@executable_path/Frameworks",
				);
				PRODUCT_BUNDLE_IDENTIFIER = "com.RickSunworkTW.Pass-Value-Rick";
				PRODUCT_NAME = "$(TARGET_NAME)";
				SWIFT_VERSION = 5.0;
				TARGETED_DEVICE_FAMILY = "1,2";
			};
			name = Release;
		};
/* End XCBuildConfiguration section */

/* Begin XCConfigurationList section */
		577D889B23D0297700C14728 /* Build configuration list for PBXProject "Pass_Value_Rick" */ = {
			isa = XCConfigurationList;
			buildConfigurations = (
				577D88B223D0297800C14728 /* Debug */,
				577D88B323D0297800C14728 /* Release */,
			);
			defaultConfigurationIsVisible = 0;
			defaultConfigurationName = Release;
		};
		577D88B423D0297800C14728 /* Build configuration list for PBXNativeTarget "Pass_Value_Rick" */ = {
			isa = XCConfigurationList;
			buildConfigurations = (
				577D88B523D0297800C14728 /* Debug */,
				577D88B623D0297800C14728 /* Release */,
			);
			defaultConfigurationIsVisible = 0;
			defaultConfigurationName = Release;
		};
/* End XCConfigurationList section */
	};
	rootObject = 577D889823D0297700C14728 /* Project object */;
}
